
Microsoft Visual Studio Solution File, Format Version 12.00
# Visual Studio 15
VisualStudioVersion = 15.0.28307.438
MinimumVisualStudioVersion = 10.0.40219.1
Project("{FAE04EC0-301F-11D3-BF4B-00C04F79EFBC}") = "JmeterResultsCsvParser", "JmeterResultsCsvParser\JmeterResultsCsvParser.csproj", "{686D3987-E22A-4538-B14E-521E6827E147}"
EndProject
Global
	GlobalSection(SolutionConfigurationPlatforms) = preSolution
		Debug|Any CPU = Debug|Any CPU
		Release|Any CPU = Release|Any CPU
	EndGlobalSection
	GlobalSection(ProjectConfigurationPlatforms) = postSolution
		{686D3987-E22A-4538-B14E-521E6827E147}.Debug|Any CPU.ActiveCfg = Debug|Any CPU
		{686D3987-E22A-4538-B14E-521E6827E147}.Debug|Any CPU.Build.0 = Debug|Any CPU
		{686D3987-E22A-4538-B14E-521E6827E147}.Release|Any CPU.ActiveCfg = Release|Any CPU
		{686D3987-E22A-4538-B14E-521E6827E147}.Release|Any CPU.Build.0 = Release|Any CPU
	EndGlobalSection
	GlobalSection(SolutionProperties) = preSolution
		HideSolutionNode = FALSE
	EndGlobalSection
	GlobalSection(ExtensibilityGlobals) = postSolution
		SolutionGuid = {8E54303F-9045-473F-A73D-6DAD10EA4CB9}
	EndGlobalSection
EndGlobal
